---
apiVersion: argoproj.io/v1alpha1
kind: Application
metadata:
  name: podcast-adblock
  namespace: argo-system
  annotations:
    argocd.argoproj.io/sync-wave: "0"
spec:
  project: kubernetes
  sources:
    - repoURL: https://github.com/mebezac/home-cluster.git
      path: kubernetes/apps/podcasts/podcast-adblock
      targetRevision: main
      ref: podcast-adblock-repo
    - repoURL: ghcr.io/bjw-s-labs/helm
      chart: app-template
      targetRevision: 4.6.2
      helm:
        releaseName: podcast-adblock
        valueFiles:
          - $podcast-adblock-repo/kubernetes/apps/podcasts/podcast-adblock/values.yaml
  destination:
    name: in-cluster
    namespace: podcasts
  syncPolicy:
    automated:
      allowEmpty: true
      prune: true
      selfHeal: true
    syncOptions:
      - CreateNamespace=true
